
Microsoft Visual Studio Solution File, Format Version 12.00
# Visual Studio 15
VisualStudioVersion = 15.0.26430.14
MinimumVisualStudioVersion = 10.0.40219.1
Project("{FAE04EC0-301F-11D3-BF4B-00C04F79EFBC}") = "server", "server\server.csproj", "{89EBCD73-9079-429F-811C-673D3CDDB1E3}"
EndProject
Project("{FAE04EC0-301F-11D3-BF4B-00C04F79EFBC}") = "client", "client\client.csproj", "{BB5FF736-1B66-4BB6-A6E4-B400C32D4C69}"
EndProject
Global
	GlobalSection(SolutionConfigurationPlatforms) = preSolution
		Debug|Any CPU = Debug|Any CPU
		Release|Any CPU = Release|Any CPU
	EndGlobalSection
	GlobalSection(ProjectConfigurationPlatforms) = postSolution
		{89EBCD73-9079-429F-811C-673D3CDDB1E3}.Debug|Any CPU.ActiveCfg = Debug|Any CPU
		{89EBCD73-9079-429F-811C-673D3CDDB1E3}.Debug|Any CPU.Build.0 = Debug|Any CPU
		{89EBCD73-9079-429F-811C-673D3CDDB1E3}.Release|Any CPU.ActiveCfg = Release|Any CPU
		{89EBCD73-9079-429F-811C-673D3CDDB1E3}.Release|Any CPU.Build.0 = Release|Any CPU
		{BB5FF736-1B66-4BB6-A6E4-B400C32D4C69}.Debug|Any CPU.ActiveCfg = Debug|Any CPU
		{BB5FF736-1B66-4BB6-A6E4-B400C32D4C69}.Debug|Any CPU.Build.0 = Debug|Any CPU
		{BB5FF736-1B66-4BB6-A6E4-B400C32D4C69}.Release|Any CPU.ActiveCfg = Release|Any CPU
		{BB5FF736-1B66-4BB6-A6E4-B400C32D4C69}.Release|Any CPU.Build.0 = Release|Any CPU
	EndGlobalSection
	GlobalSection(SolutionProperties) = preSolution
		HideSolutionNode = FALSE
	EndGlobalSection
EndGlobal
